<?xml version="1.0" encoding="utf-8"?>
<Project ToolsVersion="4.0" xmlns="http://schemas.microsoft.com/developer/msbuild/2003">
  <ItemGroup>
    <Filter Include="Resource Files">
      <UniqueIdentifier>{bb8bbf65-2ac9-4b39-85bb-198701027155}</UniqueIdentifier>
      <Extensions>ico;cur;bmp;dlg;rc2;rct;bin;rgs;gif;jpg;jpeg;jpe</Extensions>
    </Filter>
    <Filter Include="Extend">
      <UniqueIdentifier>{2ffdb5fb-2b7d-43ba-bd92-3a0c6d256d32}</UniqueIdentifier>
    </Filter>
    <Filter Include="Extend\WkeWebkit">
      <UniqueIdentifier>{7c693e0e-4db7-49cd-99da-99b4bb8003a6}</UniqueIdentifier>
    </Filter>
    <Filter Include="Extend\Sound">
      <UniqueIdentifier>{9a527145-464c-4193-ab91-2635a72767f8}</UniqueIdentifier>
    </Filter>
    <Filter Include="Common">
      <UniqueIdentifier>{62ed18d5-0182-4c2d-a8a4-0928cfdbba5a}</UniqueIdentifier>
    </Filter>
    <Filter Include="Extend\Menu">
      <UniqueIdentifier>{689a035a-a0c6-4df3-a996-d6131a66c276}</UniqueIdentifier>
    </Filter>
    <Filter Include="Extend\RzLib">
      <UniqueIdentifier>{3da83835-2e13-4b74-b671-a039231c9d7d}</UniqueIdentifier>
    </Filter>
    <Filter Include="Extend\Logger">
      <UniqueIdentifier>{b2c6ffa2-6d1d-41b1-8329-1b8c02157998}</UniqueIdentifier>
    </Filter>
    <Filter Include="Extend\Lock">
      <UniqueIdentifier>{e67cc1d2-7c57-4695-b676-fce1eeed6ef2}</UniqueIdentifier>
    </Filter>
    <Filter Include="Extend\WinIO">
      <UniqueIdentifier>{eaf825a1-483d-45f5-9a41-1ef969c821f8}</UniqueIdentifier>
    </Filter>
    <Filter Include="Extend\ImgOle">
      <UniqueIdentifier>{c27978a1-3dec-4a63-8748-dfebce555b6f}</UniqueIdentifier>
    </Filter>
    <Filter Include="Core">
      <UniqueIdentifier>{6b9869c1-999c-47d7-b352-8c991a8ce889}</UniqueIdentifier>
    </Filter>
    <Filter Include="Control">
      <UniqueIdentifier>{094158e7-b87c-4bd0-ab23-d5c93b84db8d}</UniqueIdentifier>
    </Filter>
    <Filter Include="Layout">
      <UniqueIdentifier>{2bfd5333-4271-46a6-9db9-582f95791238}</UniqueIdentifier>
    </Filter>
    <Filter Include="Utils">
      <UniqueIdentifier>{537d2c33-206f-4946-a91c-a0a6d4b8f73e}</UniqueIdentifier>
    </Filter>
    <Filter Include="LuaInterface">
      <UniqueIdentifier>{2cff87b4-eba7-4838-ac23-ff718c916fbb}</UniqueIdentifier>
    </Filter>
    <Filter Include="LuaInterface\Control">
      <UniqueIdentifier>{ccd8ba16-07e7-4643-bf47-7127231823f0}</UniqueIdentifier>
    </Filter>
    <Filter Include="LuaInterface\LuaCore">
      <UniqueIdentifier>{f9441b71-e52b-4224-9a70-1962fa001f8a}</UniqueIdentifier>
    </Filter>
    <Filter Include="LuaInterface\LuaUtils">
      <UniqueIdentifier>{83432c68-4bb3-47f8-ad48-49d93a279062}</UniqueIdentifier>
    </Filter>
  </ItemGroup>
  <ItemGroup>
    <None Include="ClassDiagram.cd" />
  </ItemGroup>
  <ItemGroup>
    <ResourceCompile Include="DuiLib.rc">
      <Filter>Resource Files</Filter>
    </ResourceCompile>
  </ItemGroup>
  <ItemGroup>
    <ClCompile Include="Common\AssertX.cpp">
      <Filter>Common</Filter>
    </ClCompile>
    <ClCompile Include="Common\Exception.cpp">
      <Filter>Common</Filter>
    </ClCompile>
    <ClCompile Include="Common\UICrack.cpp">
      <Filter>Common</Filter>
    </ClCompile>
    <ClCompile Include="Common\Utility.cpp">
      <Filter>Common</Filter>
    </ClCompile>
    <ClCompile Include="Extend\ImgOle\GifImage.cpp">
      <Filter>Extend\ImgOle</Filter>
    </ClCompile>
    <ClCompile Include="Extend\Lock\DuiLock.cpp">
      <Filter>Extend\Lock</Filter>
    </ClCompile>
    <ClCompile Include="Extend\Log\DuiLogger.cpp">
      <Filter>Extend\Logger</Filter>
    </ClCompile>
    <ClCompile Include="Extend\Menu\UIMenu.cpp">
      <Filter>Extend\Menu</Filter>
    </ClCompile>
    <ClCompile Include="Extend\Sound\SoundEngine.cpp">
      <Filter>Extend\Sound</Filter>
    </ClCompile>
    <ClCompile Include="Extend\Sound\SoundSystem.cpp">
      <Filter>Extend\Sound</Filter>
    </ClCompile>
    <ClCompile Include="Extend\WinIO\WinIO.cpp">
      <Filter>Extend\WinIO</Filter>
    </ClCompile>
    <ClCompile Include="Extend\WkeWebkit\UIWkeWebkit.cpp">
      <Filter>Extend\WkeWebkit</Filter>
    </ClCompile>
    <ClCompile Include="Core\UIBase.cpp">
      <Filter>Core</Filter>
    </ClCompile>
    <ClCompile Include="Core\UIContainer.cpp">
      <Filter>Core</Filter>
    </ClCompile>
    <ClCompile Include="Core\UIControl.cpp">
      <Filter>Core</Filter>
    </ClCompile>
    <ClCompile Include="Core\UIDlgBuilder.cpp">
      <Filter>Core</Filter>
    </ClCompile>
    <ClCompile Include="Core\UIManager.cpp">
      <Filter>Core</Filter>
    </ClCompile>
    <ClCompile Include="Core\UIMarkup.cpp">
      <Filter>Core</Filter>
    </ClCompile>
    <ClCompile Include="Core\UIMemLooker.cpp">
      <Filter>Core</Filter>
    </ClCompile>
    <ClCompile Include="Core\UIRender.cpp">
      <Filter>Core</Filter>
    </ClCompile>
    <ClCompile Include="Core\UITimer.cpp">
      <Filter>Core</Filter>
    </ClCompile>
    <ClCompile Include="Core\UITrayIcon.cpp">
      <Filter>Core</Filter>
    </ClCompile>
    <ClCompile Include="Control\UIActiveX.cpp">
      <Filter>Control</Filter>
    </ClCompile>
    <ClCompile Include="Control\UIAlbumButton.cpp">
      <Filter>Control</Filter>
    </ClCompile>
    <ClCompile Include="Control\UIAniHelper.cpp">
      <Filter>Control</Filter>
    </ClCompile>
    <ClCompile Include="Control\UIAnimation.cpp">
      <Filter>Control</Filter>
    </ClCompile>
    <ClCompile Include="Control\UIAnimControl.cpp">
      <Filter>Control</Filter>
    </ClCompile>
    <ClCompile Include="Control\UIButton.cpp">
      <Filter>Control</Filter>
    </ClCompile>
    <ClCompile Include="Control\UICheckBox.cpp">
      <Filter>Control</Filter>
    </ClCompile>
    <ClCompile Include="Control\UICombo.cpp">
      <Filter>Control</Filter>
    </ClCompile>
    <ClCompile Include="Control\UIComboBox.cpp">
      <Filter>Control</Filter>
    </ClCompile>
    <ClCompile Include="Control\UIDateTime.cpp">
      <Filter>Control</Filter>
    </ClCompile>
    <ClCompile Include="Control\UIEdit.cpp">
      <Filter>Control</Filter>
    </ClCompile>
    <ClCompile Include="Control\UIFadeAnimation.cpp">
      <Filter>Control</Filter>
    </ClCompile>
    <ClCompile Include="Control\UIFadeButton.cpp">
      <Filter>Control</Filter>
    </ClCompile>
    <ClCompile Include="Control\UIFadeCheckBox.cpp">
      <Filter>Control</Filter>
    </ClCompile>
    <ClCompile Include="Control\UIFadeOption.cpp">
      <Filter>Control</Filter>
    </ClCompile>
    <ClCompile Include="Control\UIFlash.cpp">
      <Filter>Control</Filter>
    </ClCompile>
    <ClCompile Include="Control\UIGifAnim.cpp">
      <Filter>Control</Filter>
    </ClCompile>
    <ClCompile Include="Control\UIHotKey.cpp">
      <Filter>Control</Filter>
    </ClCompile>
    <ClCompile Include="Control\UILabel.cpp">
      <Filter>Control</Filter>
    </ClCompile>
    <ClCompile Include="Control\UIList.cpp">
      <Filter>Control</Filter>
    </ClCompile>
    <ClCompile Include="Control\UIOption.cpp">
      <Filter>Control</Filter>
    </ClCompile>
    <ClCompile Include="Control\UIProgress.cpp">
      <Filter>Control</Filter>
    </ClCompile>
    <ClCompile Include="Control\UIRadio.cpp">
      <Filter>Control</Filter>
    </ClCompile>
    <ClCompile Include="Control\UIRichEdit.cpp">
      <Filter>Control</Filter>
    </ClCompile>
    <ClCompile Include="Control\UIRichEditNew.cpp">
      <Filter>Control</Filter>
    </ClCompile>
    <ClCompile Include="Control\UIScrollBar.cpp">
      <Filter>Control</Filter>
    </ClCompile>
    <ClCompile Include="Control\UISeqAnimation.cpp">
      <Filter>Control</Filter>
    </ClCompile>
    <ClCompile Include="Control\UISeqButton.cpp">
      <Filter>Control</Filter>
    </ClCompile>
    <ClCompile Include="Control\UISlider.cpp">
      <Filter>Control</Filter>
    </ClCompile>
    <ClCompile Include="Control\UIText.cpp">
      <Filter>Control</Filter>
    </ClCompile>
    <ClCompile Include="Control\UITreeView.cpp">
      <Filter>Control</Filter>
    </ClCompile>
    <ClCompile Include="Control\UIWebBrowser.cpp">
      <Filter>Control</Filter>
    </ClCompile>
    <ClCompile Include="Layout\UIAnimationTabLayout.cpp">
      <Filter>Layout</Filter>
    </ClCompile>
    <ClCompile Include="Layout\UIChildLayout.cpp">
      <Filter>Layout</Filter>
    </ClCompile>
    <ClCompile Include="Layout\UIHorizontalLayout.cpp">
      <Filter>Layout</Filter>
    </ClCompile>
    <ClCompile Include="Layout\UITabLayout.cpp">
      <Filter>Layout</Filter>
    </ClCompile>
    <ClCompile Include="Layout\UITileLayout.cpp">
      <Filter>Layout</Filter>
    </ClCompile>
    <ClCompile Include="Layout\UIVerticalLayout.cpp">
      <Filter>Layout</Filter>
    </ClCompile>
    <ClCompile Include="Utils\DuiSystem.cpp">
      <Filter>Utils</Filter>
    </ClCompile>
    <ClCompile Include="Utils\FileDialog.cpp">
      <Filter>Utils</Filter>
    </ClCompile>
    <ClCompile Include="Utils\IDuiWindow.cpp">
      <Filter>Utils</Filter>
    </ClCompile>
    <ClCompile Include="Utils\ILock.cpp">
      <Filter>Utils</Filter>
    </ClCompile>
    <ClCompile Include="Utils\IOBase.cpp">
      <Filter>Utils</Filter>
    </ClCompile>
    <ClCompile Include="Utils\PathUtil.cpp">
      <Filter>Utils</Filter>
    </ClCompile>
    <ClCompile Include="Utils\RichEditUtil.cpp">
      <Filter>Utils</Filter>
    </ClCompile>
    <ClCompile Include="Utils\stb_image.c">
      <Filter>Utils</Filter>
    </ClCompile>
    <ClCompile Include="Utils\UIDelegate.cpp">
      <Filter>Utils</Filter>
    </ClCompile>
    <ClCompile Include="Utils\UIReflection.cpp">
      <Filter>Utils</Filter>
    </ClCompile>
    <ClCompile Include="Utils\UIUserControl.cpp">
      <Filter>Utils</Filter>
    </ClCompile>
    <ClCompile Include="Utils\Utils.cpp">
      <Filter>Utils</Filter>
    </ClCompile>
    <ClCompile Include="Utils\Window.cpp">
      <Filter>Utils</Filter>
    </ClCompile>
    <ClCompile Include="Utils\XUnzip.cpp">
      <Filter>Utils</Filter>
    </ClCompile>
    <ClCompile Include="DllMain.cpp" />
    <ClCompile Include="DuiEngine.cpp" />
    <ClCompile Include="UIlib.cpp" />
    <ClCompile Include="LuaInterface\LuaCWindow.cpp">
      <Filter>LuaInterface</Filter>
    </ClCompile>
    <ClCompile Include="LuaInterface\LuaEntry.cpp">
      <Filter>LuaInterface</Filter>
    </ClCompile>
    <ClCompile Include="LuaInterface\LuaRegister.cpp">
      <Filter>LuaInterface</Filter>
    </ClCompile>
    <ClCompile Include="LuaInterface\bit.c">
      <Filter>LuaInterface</Filter>
    </ClCompile>
    <ClCompile Include="LuaInterface\LuaControl\Lua_CActiveXUI.cpp">
      <Filter>LuaInterface\Control</Filter>
    </ClCompile>
    <ClCompile Include="LuaInterface\LuaControl\Lua_CAlbumButtonUI.cpp">
      <Filter>LuaInterface\Control</Filter>
    </ClCompile>
    <ClCompile Include="LuaInterface\LuaControl\Lua_CAnimationTabLayoutUI.cpp">
      <Filter>LuaInterface\Control</Filter>
    </ClCompile>
    <ClCompile Include="LuaInterface\LuaControl\Lua_CAnimControlUI.cpp">
      <Filter>LuaInterface\Control</Filter>
    </ClCompile>
    <ClCompile Include="LuaInterface\LuaControl\Lua_CButtonUI.cpp">
      <Filter>LuaInterface\Control</Filter>
    </ClCompile>
    <ClCompile Include="LuaInterface\LuaControl\Lua_CCheckBoxUI.cpp">
      <Filter>LuaInterface\Control</Filter>
    </ClCompile>
    <ClCompile Include="LuaInterface\LuaControl\Lua_CChildLayoutUI.cpp">
      <Filter>LuaInterface\Control</Filter>
    </ClCompile>
    <ClCompile Include="LuaInterface\LuaControl\Lua_CComboBoxUI.cpp">
      <Filter>LuaInterface\Control</Filter>
    </ClCompile>
    <ClCompile Include="LuaInterface\LuaControl\Lua_CComboUI.cpp">
      <Filter>LuaInterface\Control</Filter>
    </ClCompile>
    <ClCompile Include="LuaInterface\LuaControl\Lua_CContainerUI.cpp">
      <Filter>LuaInterface\Control</Filter>
    </ClCompile>
    <ClCompile Include="LuaInterface\LuaControl\Lua_CControlUI.cpp">
      <Filter>LuaInterface\Control</Filter>
    </ClCompile>
    <ClCompile Include="LuaInterface\LuaControl\Lua_CDateTimeUI.cpp">
      <Filter>LuaInterface\Control</Filter>
    </ClCompile>
    <ClCompile Include="LuaInterface\LuaControl\Lua_CEditUI.cpp">
      <Filter>LuaInterface\Control</Filter>
    </ClCompile>
    <ClCompile Include="LuaInterface\LuaControl\Lua_CFadeButtonUI.cpp">
      <Filter>LuaInterface\Control</Filter>
    </ClCompile>
    <ClCompile Include="LuaInterface\LuaControl\Lua_CFadeCheckBoxUI.cpp">
      <Filter>LuaInterface\Control</Filter>
    </ClCompile>
    <ClCompile Include="LuaInterface\LuaControl\Lua_CFadeOptionUI.cpp">
      <Filter>LuaInterface\Control</Filter>
    </ClCompile>
    <ClCompile Include="LuaInterface\LuaControl\Lua_CFlashUI.cpp">
      <Filter>LuaInterface\Control</Filter>
    </ClCompile>
    <ClCompile Include="LuaInterface\LuaControl\Lua_CGifAnimUI.cpp">
      <Filter>LuaInterface\Control</Filter>
    </ClCompile>
    <ClCompile Include="LuaInterface\LuaControl\Lua_CHorizontalLayoutUI.cpp">
      <Filter>LuaInterface\Control</Filter>
    </ClCompile>
    <ClCompile Include="LuaInterface\LuaControl\Lua_CHotKeyUI.cpp">
      <Filter>LuaInterface\Control</Filter>
    </ClCompile>
    <ClCompile Include="LuaInterface\LuaControl\Lua_CLabelUI.cpp">
      <Filter>LuaInterface\Control</Filter>
    </ClCompile>
    <ClCompile Include="LuaInterface\LuaControl\Lua_CListUI.cpp">
      <Filter>LuaInterface\Control</Filter>
    </ClCompile>
    <ClCompile Include="LuaInterface\LuaControl\Lua_COptionUI.cpp">
      <Filter>LuaInterface\Control</Filter>
    </ClCompile>
    <ClCompile Include="LuaInterface\LuaControl\Lua_CProgressUI.cpp">
      <Filter>LuaInterface\Control</Filter>
    </ClCompile>
    <ClCompile Include="LuaInterface\LuaControl\Lua_CRadioUI.cpp">
      <Filter>LuaInterface\Control</Filter>
    </ClCompile>
    <ClCompile Include="LuaInterface\LuaControl\Lua_CScrollBarUI.cpp">
      <Filter>LuaInterface\Control</Filter>
    </ClCompile>
    <ClCompile Include="LuaInterface\LuaControl\Lua_CSeqButtonUI.cpp">
      <Filter>LuaInterface\Control</Filter>
    </ClCompile>
    <ClCompile Include="LuaInterface\LuaControl\Lua_CSliderUI.cpp">
      <Filter>LuaInterface\Control</Filter>
    </ClCompile>
    <ClCompile Include="LuaInterface\LuaControl\Lua_CTabLayoutUI.cpp">
      <Filter>LuaInterface\Control</Filter>
    </ClCompile>
    <ClCompile Include="LuaInterface\LuaControl\Lua_CTextUI.cpp">
      <Filter>LuaInterface\Control</Filter>
    </ClCompile>
    <ClCompile Include="LuaInterface\LuaControl\Lua_CTileLayoutUI.cpp">
      <Filter>LuaInterface\Control</Filter>
    </ClCompile>
    <ClCompile Include="LuaInterface\LuaControl\Lua_CTreeViewUI.cpp">
      <Filter>LuaInterface\Control</Filter>
    </ClCompile>
    <ClCompile Include="LuaInterface\LuaControl\Lua_CVerticalLayoutUI.cpp">
      <Filter>LuaInterface\Control</Filter>
    </ClCompile>
    <ClCompile Include="LuaInterface\LuaControl\Lua_CWebBrowserUI.cpp">
      <Filter>LuaInterface\Control</Filter>
    </ClCompile>
    <ClCompile Include="LuaInterface\LuaControl\Lua_CWkeWebkitUI.cpp">
      <Filter>LuaInterface\Control</Filter>
    </ClCompile>
    <ClCompile Include="LuaInterface\LuaCore\Lua_CDialogBuilder.cpp">
      <Filter>LuaInterface\LuaCore</Filter>
    </ClCompile>
    <ClCompile Include="LuaInterface\LuaCore\Lua_CMarkup.cpp">
      <Filter>LuaInterface\LuaCore</Filter>
    </ClCompile>
    <ClCompile Include="LuaInterface\LuaCore\Lua_CPaintManagerUI.cpp">
      <Filter>LuaInterface\LuaCore</Filter>
    </ClCompile>
    <ClCompile Include="LuaInterface\LuaCore\Lua_CRender.cpp">
      <Filter>LuaInterface\LuaCore</Filter>
    </ClCompile>
    <ClCompile Include="LuaInterface\LuaCore\Lua_CWindowWnd.cpp">
      <Filter>LuaInterface\LuaCore</Filter>
    </ClCompile>
    <ClCompile Include="LuaInterface\LuaCore\Lua_Struct.cpp">
      <Filter>LuaInterface\LuaCore</Filter>
    </ClCompile>
    <ClCompile Include="LuaInterface\LuaUtils\Lua_Debug.cpp">
      <Filter>LuaInterface\LuaUtils</Filter>
    </ClCompile>
    <ClCompile Include="LuaInterface\LuaUtils\Lua_CLuaWindow.cpp">
      <Filter>LuaInterface\LuaUtils</Filter>
    </ClCompile>
  </ItemGroup>
  <ItemGroup>
    <ClInclude Include="Common\AssertX.h">
      <Filter>Common</Filter>
    </ClInclude>
    <ClInclude Include="Common\Exception.h">
      <Filter>Common</Filter>
    </ClInclude>
    <ClInclude Include="Common\UICrack.h">
      <Filter>Common</Filter>
    </ClInclude>
    <ClInclude Include="Common\Utility.h">
      <Filter>Common</Filter>
    </ClInclude>
    <ClInclude Include="Extend\ImgOle\GifImage.h">
      <Filter>Extend\ImgOle</Filter>
    </ClInclude>
    <ClInclude Include="Extend\ImgOle\IImageOle.h">
      <Filter>Extend\ImgOle</Filter>
    </ClInclude>
    <ClInclude Include="Extend\Lock\DuiLock.h">
      <Filter>Extend\Lock</Filter>
    </ClInclude>
    <ClInclude Include="Extend\Log\DuiLogger.h">
      <Filter>Extend\Logger</Filter>
    </ClInclude>
    <ClInclude Include="Extend\Menu\UIMenu.h">
      <Filter>Extend\Menu</Filter>
    </ClInclude>
    <ClInclude Include="Extend\Sound\SoundEngine.h">
      <Filter>Extend\Sound</Filter>
    </ClInclude>
    <ClInclude Include="Extend\Sound\SoundSystem.h">
      <Filter>Extend\Sound</Filter>
    </ClInclude>
    <ClInclude Include="Extend\WinIO\WinIO.h">
      <Filter>Extend\WinIO</Filter>
    </ClInclude>
    <ClInclude Include="Extend\WkeWebkit\UIWkeWebkit.h">
      <Filter>Extend\WkeWebkit</Filter>
    </ClInclude>
    <ClInclude Include="Extend\WkeWebkit\wke.h">
      <Filter>Extend\WkeWebkit</Filter>
    </ClInclude>
    <ClInclude Include="Core\UIBase.h">
      <Filter>Core</Filter>
    </ClInclude>
    <ClInclude Include="Core\UIContainer.h">
      <Filter>Core</Filter>
    </ClInclude>
    <ClInclude Include="Core\UIControl.h">
      <Filter>Core</Filter>
    </ClInclude>
    <ClInclude Include="Core\UIDefine.h">
      <Filter>Core</Filter>
    </ClInclude>
    <ClInclude Include="Core\UIDlgBuilder.h">
      <Filter>Core</Filter>
    </ClInclude>
    <ClInclude Include="Core\UIManager.h">
      <Filter>Core</Filter>
    </ClInclude>
    <ClInclude Include="Core\UIMarkup.h">
      <Filter>Core</Filter>
    </ClInclude>
    <ClInclude Include="Core\UIMemLooker.h">
      <Filter>Core</Filter>
    </ClInclude>
    <ClInclude Include="Core\UIRender.h">
      <Filter>Core</Filter>
    </ClInclude>
    <ClInclude Include="Core\UITimer.h">
      <Filter>Core</Filter>
    </ClInclude>
    <ClInclude Include="Core\UITrayIcon.h">
      <Filter>Core</Filter>
    </ClInclude>
    <ClInclude Include="Control\UIActiveX.h">
      <Filter>Control</Filter>
    </ClInclude>
    <ClInclude Include="Control\UIAlbumButton.h">
      <Filter>Control</Filter>
    </ClInclude>
    <ClInclude Include="Control\UIAniHelper.h">
      <Filter>Control</Filter>
    </ClInclude>
    <ClInclude Include="Control\UIAnimation.h">
      <Filter>Control</Filter>
    </ClInclude>
    <ClInclude Include="Control\UIAnimControl.h">
      <Filter>Control</Filter>
    </ClInclude>
    <ClInclude Include="Control\UIButton.h">
      <Filter>Control</Filter>
    </ClInclude>
    <ClInclude Include="Control\UICheckBox.h">
      <Filter>Control</Filter>
    </ClInclude>
    <ClInclude Include="Control\UICombo.h">
      <Filter>Control</Filter>
    </ClInclude>
    <ClInclude Include="Control\UIComboBox.h">
      <Filter>Control</Filter>
    </ClInclude>
    <ClInclude Include="Control\UIDateTime.h">
      <Filter>Control</Filter>
    </ClInclude>
    <ClInclude Include="Control\UIEdit.h">
      <Filter>Control</Filter>
    </ClInclude>
    <ClInclude Include="Control\UIFadeAnimation.h">
      <Filter>Control</Filter>
    </ClInclude>
    <ClInclude Include="Control\UIFadeButton.h">
      <Filter>Control</Filter>
    </ClInclude>
    <ClInclude Include="Control\UIFadeCheckBox.h">
      <Filter>Control</Filter>
    </ClInclude>
    <ClInclude Include="Control\UIFadeOption.h">
      <Filter>Control</Filter>
    </ClInclude>
    <ClInclude Include="Control\UIFlash.h">
      <Filter>Control</Filter>
    </ClInclude>
    <ClInclude Include="Control\UIGifAnim.h">
      <Filter>Control</Filter>
    </ClInclude>
    <ClInclude Include="Control\UIHotKey.h">
      <Filter>Control</Filter>
    </ClInclude>
    <ClInclude Include="Control\UILabel.h">
      <Filter>Control</Filter>
    </ClInclude>
    <ClInclude Include="Control\UIList.h">
      <Filter>Control</Filter>
    </ClInclude>
    <ClInclude Include="Control\UIOption.h">
      <Filter>Control</Filter>
    </ClInclude>
    <ClInclude Include="Control\UIProgress.h">
      <Filter>Control</Filter>
    </ClInclude>
    <ClInclude Include="Control\UIRadio.h">
      <Filter>Control</Filter>
    </ClInclude>
    <ClInclude Include="Control\UIRichEdit.h">
      <Filter>Control</Filter>
    </ClInclude>
    <ClInclude Include="Control\UIRichEditNew.h">
      <Filter>Control</Filter>
    </ClInclude>
    <ClInclude Include="Control\UIScrollBar.h">
      <Filter>Control</Filter>
    </ClInclude>
    <ClInclude Include="Control\UISeqAnimation.h">
      <Filter>Control</Filter>
    </ClInclude>
    <ClInclude Include="Control\UISeqButton.h">
      <Filter>Control</Filter>
    </ClInclude>
    <ClInclude Include="Control\UISlider.h">
      <Filter>Control</Filter>
    </ClInclude>
    <ClInclude Include="Control\UIText.h">
      <Filter>Control</Filter>
    </ClInclude>
    <ClInclude Include="Control\UITreeView.h">
      <Filter>Control</Filter>
    </ClInclude>
    <ClInclude Include="Control\UIWebBrowser.h">
      <Filter>Control</Filter>
    </ClInclude>
    <ClInclude Include="Layout\UIAnimationTabLayout.h">
      <Filter>Layout</Filter>
    </ClInclude>
    <ClInclude Include="Layout\UIChildLayout.h">
      <Filter>Layout</Filter>
    </ClInclude>
    <ClInclude Include="Layout\UIHorizontalLayout.h">
      <Filter>Layout</Filter>
    </ClInclude>
    <ClInclude Include="Layout\UITabLayout.h">
      <Filter>Layout</Filter>
    </ClInclude>
    <ClInclude Include="Layout\UITileLayout.h">
      <Filter>Layout</Filter>
    </ClInclude>
    <ClInclude Include="Layout\UIVerticalLayout.h">
      <Filter>Layout</Filter>
    </ClInclude>
    <ClInclude Include="Utils\downloadmgr.h">
      <Filter>Utils</Filter>
    </ClInclude>
    <ClInclude Include="Utils\DuiSystem.h">
      <Filter>Utils</Filter>
    </ClInclude>
    <ClInclude Include="Utils\FileDialog.h">
      <Filter>Utils</Filter>
    </ClInclude>
    <ClInclude Include="Utils\FlashEventHandler.h">
      <Filter>Utils</Filter>
    </ClInclude>
    <ClInclude Include="Utils\IDuiWindow.h">
      <Filter>Utils</Filter>
    </ClInclude>
    <ClInclude Include="Utils\ILock.h">
      <Filter>Utils</Filter>
    </ClInclude>
    <ClInclude Include="Utils\ILogger.h">
      <Filter>Utils</Filter>
    </ClInclude>
    <ClInclude Include="Utils\IOBase.h">
      <Filter>Utils</Filter>
    </ClInclude>
    <ClInclude Include="Utils\IOStream.h">
      <Filter>Utils</Filter>
    </ClInclude>
    <ClInclude Include="Utils\PathUtil.h">
      <Filter>Utils</Filter>
    </ClInclude>
    <ClInclude Include="Utils\RichEditUtil.h">
      <Filter>Utils</Filter>
    </ClInclude>
    <ClInclude Include="Utils\SharedPtr.h">
      <Filter>Utils</Filter>
    </ClInclude>
    <ClInclude Include="Utils\Singleton.h">
      <Filter>Utils</Filter>
    </ClInclude>
    <ClInclude Include="Utils\UIDelegate.h">
      <Filter>Utils</Filter>
    </ClInclude>
    <ClInclude Include="Utils\UIReflection.h">
      <Filter>Utils</Filter>
    </ClInclude>
    <ClInclude Include="Utils\UIUserControl.h">
      <Filter>Utils</Filter>
    </ClInclude>
    <ClInclude Include="Utils\Utils.h">
      <Filter>Utils</Filter>
    </ClInclude>
    <ClInclude Include="Utils\WebBrowserEventHandler.h">
      <Filter>Utils</Filter>
    </ClInclude>
    <ClInclude Include="Utils\Window.h">
      <Filter>Utils</Filter>
    </ClInclude>
    <ClInclude Include="CommonInclude.h" />
    <ClInclude Include="ControlInclude.h" />
    <ClInclude Include="DuiEngine.h" />
    <ClInclude Include="DuiType.h" />
    <ClInclude Include="ExtendInclude.h" />
    <ClInclude Include="IDuiObject.h" />
    <ClInclude Include="UIlib.h" />
    <ClInclude Include="resource.h">
      <Filter>Resource Files</Filter>
    </ClInclude>
    <ClInclude Include="LuaInterface\LuaCWindow.h">
      <Filter>LuaInterface</Filter>
    </ClInclude>
    <ClInclude Include="LuaInterface\LuaEntry.h">
      <Filter>LuaInterface</Filter>
    </ClInclude>
    <ClInclude Include="LuaInterface\LuaOp.h">
      <Filter>LuaInterface</Filter>
    </ClInclude>
    <ClInclude Include="LuaInterface\LuaRegister.h">
      <Filter>LuaInterface</Filter>
    </ClInclude>
    <ClInclude Include="LuaInterface\LuaControl\Lua_CActiveXUI.h">
      <Filter>LuaInterface\Control</Filter>
    </ClInclude>
    <ClInclude Include="LuaInterface\LuaControl\Lua_CAlbumButtonUI.h">
      <Filter>LuaInterface\Control</Filter>
    </ClInclude>
    <ClInclude Include="LuaInterface\LuaControl\Lua_CAnimationTabLayoutUI.h">
      <Filter>LuaInterface\Control</Filter>
    </ClInclude>
    <ClInclude Include="LuaInterface\LuaControl\Lua_CAnimControlUI.h">
      <Filter>LuaInterface\Control</Filter>
    </ClInclude>
    <ClInclude Include="LuaInterface\LuaControl\Lua_CButtonUI.h">
      <Filter>LuaInterface\Control</Filter>
    </ClInclude>
    <ClInclude Include="LuaInterface\LuaControl\Lua_CCheckBoxUI.h">
      <Filter>LuaInterface\Control</Filter>
    </ClInclude>
    <ClInclude Include="LuaInterface\LuaControl\Lua_CChildLayoutUI.h">
      <Filter>LuaInterface\Control</Filter>
    </ClInclude>
    <ClInclude Include="LuaInterface\LuaControl\Lua_CComboBoxUI.h">
      <Filter>LuaInterface\Control</Filter>
    </ClInclude>
    <ClInclude Include="LuaInterface\LuaControl\Lua_CComboUI.h">
      <Filter>LuaInterface\Control</Filter>
    </ClInclude>
    <ClInclude Include="LuaInterface\LuaControl\Lua_CContainerUI.h">
      <Filter>LuaInterface\Control</Filter>
    </ClInclude>
    <ClInclude Include="LuaInterface\LuaControl\Lua_CControlUI.h">
      <Filter>LuaInterface\Control</Filter>
    </ClInclude>
    <ClInclude Include="LuaInterface\LuaControl\Lua_CDateTimeUI.h">
      <Filter>LuaInterface\Control</Filter>
    </ClInclude>
    <ClInclude Include="LuaInterface\LuaControl\Lua_CEditUI.h">
      <Filter>LuaInterface\Control</Filter>
    </ClInclude>
    <ClInclude Include="LuaInterface\LuaControl\Lua_CFadeButtonUI.h">
      <Filter>LuaInterface\Control</Filter>
    </ClInclude>
    <ClInclude Include="LuaInterface\LuaControl\Lua_CFadeCheckBoxUI.h">
      <Filter>LuaInterface\Control</Filter>
    </ClInclude>
    <ClInclude Include="LuaInterface\LuaControl\Lua_CFadeOptionUI.h">
      <Filter>LuaInterface\Control</Filter>
    </ClInclude>
    <ClInclude Include="LuaInterface\LuaControl\Lua_CFlashUI.h">
      <Filter>LuaInterface\Control</Filter>
    </ClInclude>
    <ClInclude Include="LuaInterface\LuaControl\Lua_CGifAnimUI.h">
      <Filter>LuaInterface\Control</Filter>
    </ClInclude>
    <ClInclude Include="LuaInterface\LuaControl\Lua_CHorizontalLayoutUI.h">
      <Filter>LuaInterface\Control</Filter>
    </ClInclude>
    <ClInclude Include="LuaInterface\LuaControl\Lua_CHotKeyUI.h">
      <Filter>LuaInterface\Control</Filter>
    </ClInclude>
    <ClInclude Include="LuaInterface\LuaControl\Lua_CLabelUI.h">
      <Filter>LuaInterface\Control</Filter>
    </ClInclude>
    <ClInclude Include="LuaInterface\LuaControl\Lua_CListUI.h">
      <Filter>LuaInterface\Control</Filter>
    </ClInclude>
    <ClInclude Include="LuaInterface\LuaControl\Lua_COptionUI.h">
      <Filter>LuaInterface\Control</Filter>
    </ClInclude>
    <ClInclude Include="LuaInterface\LuaControl\Lua_CProgressUI.h">
      <Filter>LuaInterface\Control</Filter>
    </ClInclude>
    <ClInclude Include="LuaInterface\LuaControl\Lua_CRadioUI.h">
      <Filter>LuaInterface\Control</Filter>
    </ClInclude>
    <ClInclude Include="LuaInterface\LuaControl\Lua_CScrollBarUI.h">
      <Filter>LuaInterface\Control</Filter>
    </ClInclude>
    <ClInclude Include="LuaInterface\LuaControl\Lua_CSeqButtonUI.h">
      <Filter>LuaInterface\Control</Filter>
    </ClInclude>
    <ClInclude Include="LuaInterface\LuaControl\Lua_CSliderUI.h">
      <Filter>LuaInterface\Control</Filter>
    </ClInclude>
    <ClInclude Include="LuaInterface\LuaControl\Lua_CTabLayoutUI.h">
      <Filter>LuaInterface\Control</Filter>
    </ClInclude>
    <ClInclude Include="LuaInterface\LuaControl\Lua_CTextUI.h">
      <Filter>LuaInterface\Control</Filter>
    </ClInclude>
    <ClInclude Include="LuaInterface\LuaControl\Lua_CTileLayoutUI.h">
      <Filter>LuaInterface\Control</Filter>
    </ClInclude>
    <ClInclude Include="LuaInterface\LuaControl\Lua_CTreeViewUI.h">
      <Filter>LuaInterface\Control</Filter>
    </ClInclude>
    <ClInclude Include="LuaInterface\LuaControl\Lua_CVerticalLayoutUI.h">
      <Filter>LuaInterface\Control</Filter>
    </ClInclude>
    <ClInclude Include="LuaInterface\LuaControl\Lua_CWebBrowserUI.h">
      <Filter>LuaInterface\Control</Filter>
    </ClInclude>
    <ClInclude Include="LuaInterface\LuaControl\Lua_CWkeWebkitUI.h">
      <Filter>LuaInterface\Control</Filter>
    </ClInclude>
    <ClInclude Include="LuaInterface\LuaControl\LuaControlInclude.h">
      <Filter>LuaInterface\Control</Filter>
    </ClInclude>
    <ClInclude Include="LuaInterface\LuaCore\Lua_CDialogBuilder.h">
      <Filter>LuaInterface\LuaCore</Filter>
    </ClInclude>
    <ClInclude Include="LuaInterface\LuaCore\Lua_CMarkup.h">
      <Filter>LuaInterface\LuaCore</Filter>
    </ClInclude>
    <ClInclude Include="LuaInterface\LuaCore\Lua_CPaintManagerUI.h">
      <Filter>LuaInterface\LuaCore</Filter>
    </ClInclude>
    <ClInclude Include="LuaInterface\LuaCore\Lua_CRender.h">
      <Filter>LuaInterface\LuaCore</Filter>
    </ClInclude>
    <ClInclude Include="LuaInterface\LuaCore\Lua_CWindowWnd.h">
      <Filter>LuaInterface\LuaCore</Filter>
    </ClInclude>
    <ClInclude Include="LuaInterface\LuaCore\Lua_Struct.h">
      <Filter>LuaInterface\LuaCore</Filter>
    </ClInclude>
    <ClInclude Include="LuaInterface\LuaCore\LuaCoreInclude.h">
      <Filter>LuaInterface\LuaCore</Filter>
    </ClInclude>
    <ClInclude Include="LuaInterface\LuaUtils\Lua_Debug.h">
      <Filter>LuaInterface\LuaUtils</Filter>
    </ClInclude>
    <ClInclude Include="LuaInterface\LuaUtils\LuaUtilsInclude.h">
      <Filter>LuaInterface\LuaUtils</Filter>
    </ClInclude>
    <ClInclude Include="LuaInterface\LuaUtils\Lua_CLuaWindow.h">
      <Filter>LuaInterface\LuaUtils</Filter>
    </ClInclude>
    <ClInclude Include="LuaInterface\LuaDefine.h">
      <Filter>LuaInterface</Filter>
    </ClInclude>
  </ItemGroup>
</Project>