<?xml version="1.0" encoding="utf-8"?>
<Project ToolsVersion="4.0" xmlns="http://schemas.microsoft.com/developer/msbuild/2003">
  <ItemGroup>
    <Filter Include="Source Files">
      <UniqueIdentifier>{c4338ae4-a47d-46cb-b49c-379d329fab0c}</UniqueIdentifier>
      <Extensions>cpp;c;cxx;rc;def;r;odl;idl;hpj;bat</Extensions>
    </Filter>
    <Filter Include="Source Files\Utils">
      <UniqueIdentifier>{05324c4c-b100-492a-86a8-942c6b3c3a12}</UniqueIdentifier>
    </Filter>
    <Filter Include="Source Files\Core">
      <UniqueIdentifier>{f30e4898-492e-48cc-aff9-0415f966b2a0}</UniqueIdentifier>
    </Filter>
    <Filter Include="Source Files\Layout">
      <UniqueIdentifier>{286e3397-d055-4532-8492-c4f92d073e10}</UniqueIdentifier>
    </Filter>
    <Filter Include="Source Files\Control">
      <UniqueIdentifier>{4f34750e-f1e9-4025-83fa-38679695de2e}</UniqueIdentifier>
    </Filter>
    <Filter Include="Header Files">
      <UniqueIdentifier>{0c9e460e-74dd-4124-b4b5-2f666dacabd1}</UniqueIdentifier>
      <Extensions>h;hpp;hxx;hm;inl</Extensions>
    </Filter>
    <Filter Include="Header Files\Utils">
      <UniqueIdentifier>{a6510ba6-0084-48af-b214-3d5371760b53}</UniqueIdentifier>
    </Filter>
    <Filter Include="Header Files\Core">
      <UniqueIdentifier>{7dcfb006-b1ac-461d-8242-097371c52f02}</UniqueIdentifier>
    </Filter>
    <Filter Include="Header Files\Layout">
      <UniqueIdentifier>{e8db00cc-0591-4e71-8922-9109041104f3}</UniqueIdentifier>
    </Filter>
    <Filter Include="Header Files\Control">
      <UniqueIdentifier>{a46503ce-8bce-4dc9-b528-86335efda8c5}</UniqueIdentifier>
    </Filter>
    <Filter Include="Resource Files">
      <UniqueIdentifier>{bb8bbf65-2ac9-4b39-85bb-198701027155}</UniqueIdentifier>
      <Extensions>ico;cur;bmp;dlg;rc2;rct;bin;rgs;gif;jpg;jpeg;jpe</Extensions>
    </Filter>
    <Filter Include="Extend">
      <UniqueIdentifier>{2ffdb5fb-2b7d-43ba-bd92-3a0c6d256d32}</UniqueIdentifier>
    </Filter>
    <Filter Include="Extend\WkeWebkit">
      <UniqueIdentifier>{7c693e0e-4db7-49cd-99da-99b4bb8003a6}</UniqueIdentifier>
    </Filter>
    <Filter Include="Extend\Sound">
      <UniqueIdentifier>{9a527145-464c-4193-ab91-2635a72767f8}</UniqueIdentifier>
    </Filter>
    <Filter Include="Common">
      <UniqueIdentifier>{62ed18d5-0182-4c2d-a8a4-0928cfdbba5a}</UniqueIdentifier>
    </Filter>
    <Filter Include="Extend\Menu">
      <UniqueIdentifier>{689a035a-a0c6-4df3-a996-d6131a66c276}</UniqueIdentifier>
    </Filter>
    <Filter Include="Extend\RzLib">
      <UniqueIdentifier>{3da83835-2e13-4b74-b671-a039231c9d7d}</UniqueIdentifier>
    </Filter>
    <Filter Include="Extend\Logger">
      <UniqueIdentifier>{b2c6ffa2-6d1d-41b1-8329-1b8c02157998}</UniqueIdentifier>
    </Filter>
    <Filter Include="NetWork">
      <UniqueIdentifier>{9e149cc8-bc24-4d32-932e-80e7e18429b0}</UniqueIdentifier>
    </Filter>
    <Filter Include="NetWork\HTTP">
      <UniqueIdentifier>{d0168c7d-6b19-4fff-b10b-73f29cfd51fd}</UniqueIdentifier>
    </Filter>
    <Filter Include="NetWork\SOCK">
      <UniqueIdentifier>{7e510bfb-7bf0-4262-a619-d2734d62ce3c}</UniqueIdentifier>
    </Filter>
    <Filter Include="Extend\ImgOle">
      <UniqueIdentifier>{c27978a1-3dec-4a63-8748-dfebce555b6f}</UniqueIdentifier>
    </Filter>
    <Filter Include="Extend\Lock">
      <UniqueIdentifier>{e67cc1d2-7c57-4695-b676-fce1eeed6ef2}</UniqueIdentifier>
    </Filter>
    <Filter Include="Extend\WinIO">
      <UniqueIdentifier>{eaf825a1-483d-45f5-9a41-1ef969c821f8}</UniqueIdentifier>
    </Filter>
  </ItemGroup>
  <ItemGroup>
    <ClCompile Include="StdAfx.cpp">
      <Filter>Source Files</Filter>
    </ClCompile>
    <ClCompile Include="src\Utils\stb_image.c">
      <Filter>Source Files\Utils</Filter>
    </ClCompile>
    <ClCompile Include="src\Utils\UIDelegate.cpp">
      <Filter>Source Files\Utils</Filter>
    </ClCompile>
    <ClCompile Include="src\Utils\Utils.cpp">
      <Filter>Source Files\Utils</Filter>
    </ClCompile>
    <ClCompile Include="src\Utils\XUnzip.cpp">
      <Filter>Source Files\Utils</Filter>
    </ClCompile>
    <ClCompile Include="src\Core\UIBase.cpp">
      <Filter>Source Files\Core</Filter>
    </ClCompile>
    <ClCompile Include="src\Core\UIContainer.cpp">
      <Filter>Source Files\Core</Filter>
    </ClCompile>
    <ClCompile Include="src\Core\UIControl.cpp">
      <Filter>Source Files\Core</Filter>
    </ClCompile>
    <ClCompile Include="src\Core\UIDlgBuilder.cpp">
      <Filter>Source Files\Core</Filter>
    </ClCompile>
    <ClCompile Include="src\Core\UIManager.cpp">
      <Filter>Source Files\Core</Filter>
    </ClCompile>
    <ClCompile Include="src\Core\UIMarkup.cpp">
      <Filter>Source Files\Core</Filter>
    </ClCompile>
    <ClCompile Include="src\Core\UIRender.cpp">
      <Filter>Source Files\Core</Filter>
    </ClCompile>
    <ClCompile Include="src\Layout\UIChildLayout.cpp">
      <Filter>Source Files\Layout</Filter>
    </ClCompile>
    <ClCompile Include="src\Layout\UIHorizontalLayout.cpp">
      <Filter>Source Files\Layout</Filter>
    </ClCompile>
    <ClCompile Include="src\Layout\UITabLayout.cpp">
      <Filter>Source Files\Layout</Filter>
    </ClCompile>
    <ClCompile Include="src\Layout\UITileLayout.cpp">
      <Filter>Source Files\Layout</Filter>
    </ClCompile>
    <ClCompile Include="src\Layout\UIVerticalLayout.cpp">
      <Filter>Source Files\Layout</Filter>
    </ClCompile>
    <ClCompile Include="src\Control\UIActiveX.cpp">
      <Filter>Source Files\Control</Filter>
    </ClCompile>
    <ClCompile Include="src\Control\UIButton.cpp">
      <Filter>Source Files\Control</Filter>
    </ClCompile>
    <ClCompile Include="src\Control\UICheckBox.cpp">
      <Filter>Source Files\Control</Filter>
    </ClCompile>
    <ClCompile Include="src\Control\UICombo.cpp">
      <Filter>Source Files\Control</Filter>
    </ClCompile>
    <ClCompile Include="src\Control\UIComboBox.cpp">
      <Filter>Source Files\Control</Filter>
    </ClCompile>
    <ClCompile Include="src\Control\UIDateTime.cpp">
      <Filter>Source Files\Control</Filter>
    </ClCompile>
    <ClCompile Include="src\Control\UIEdit.cpp">
      <Filter>Source Files\Control</Filter>
    </ClCompile>
    <ClCompile Include="src\Control\UILabel.cpp">
      <Filter>Source Files\Control</Filter>
    </ClCompile>
    <ClCompile Include="src\Control\UIList.cpp">
      <Filter>Source Files\Control</Filter>
    </ClCompile>
    <ClCompile Include="src\Control\UIOption.cpp">
      <Filter>Source Files\Control</Filter>
    </ClCompile>
    <ClCompile Include="src\Control\UIProgress.cpp">
      <Filter>Source Files\Control</Filter>
    </ClCompile>
    <ClCompile Include="src\Control\UIRichEdit.cpp">
      <Filter>Source Files\Control</Filter>
    </ClCompile>
    <ClCompile Include="src\Control\UIScrollBar.cpp">
      <Filter>Source Files\Control</Filter>
    </ClCompile>
    <ClCompile Include="src\Control\UISlider.cpp">
      <Filter>Source Files\Control</Filter>
    </ClCompile>
    <ClCompile Include="src\Control\UIText.cpp">
      <Filter>Source Files\Control</Filter>
    </ClCompile>
    <ClCompile Include="src\Control\UITreeView.cpp">
      <Filter>Source Files\Control</Filter>
    </ClCompile>
    <ClCompile Include="src\Control\UIWebBrowser.cpp">
      <Filter>Source Files\Control</Filter>
    </ClCompile>
    <ClCompile Include="src\Control\UIAnimation.cpp">
      <Filter>Source Files\Control</Filter>
    </ClCompile>
    <ClCompile Include="src\Control\UIFadeAnimation.cpp">
      <Filter>Source Files\Control</Filter>
    </ClCompile>
    <ClCompile Include="src\Control\UIFadeButton.cpp">
      <Filter>Source Files\Control</Filter>
    </ClCompile>
    <ClCompile Include="src\Control\UIFadeCheckBox.cpp">
      <Filter>Source Files\Control</Filter>
    </ClCompile>
    <ClCompile Include="src\Control\UIFadeOption.cpp">
      <Filter>Source Files\Control</Filter>
    </ClCompile>
    <ClCompile Include="src\Layout\UIAnimationTabLayout.cpp">
      <Filter>Source Files\Layout</Filter>
    </ClCompile>
    <ClCompile Include="src\Control\UIHotKey.cpp">
      <Filter>Source Files\Control</Filter>
    </ClCompile>
    <ClCompile Include="src\Control\UIAnimControl.cpp">
      <Filter>Source Files\Control</Filter>
    </ClCompile>
    <ClCompile Include="src\Control\UISeqAnimation.cpp">
      <Filter>Source Files\Control</Filter>
    </ClCompile>
    <ClCompile Include="src\Control\UISeqButton.cpp">
      <Filter>Source Files\Control</Filter>
    </ClCompile>
    <ClCompile Include="src\Control\UIAlbumButton.cpp">
      <Filter>Source Files\Control</Filter>
    </ClCompile>
    <ClCompile Include="src\Control\UIGifAnim.cpp">
      <Filter>Source Files\Control</Filter>
    </ClCompile>
    <ClCompile Include="src\Utils\UIReflection.cpp">
      <Filter>Source Files\Utils</Filter>
    </ClCompile>
    <ClCompile Include="src\Control\UIRadio.cpp">
      <Filter>Source Files\Control</Filter>
    </ClCompile>
    <ClCompile Include="src\Control\UIAniHelper.cpp">
      <Filter>Source Files\Control</Filter>
    </ClCompile>
    <ClCompile Include="src\Control\UIFlash.cpp">
      <Filter>Source Files\Control</Filter>
    </ClCompile>
    <ClCompile Include="src\Extend\WkeWebkit\UIWkeWebkit.cpp">
      <Filter>Extend\WkeWebkit</Filter>
    </ClCompile>
    <ClCompile Include="src\Extend\Sound\SoundEngine.cpp">
      <Filter>Extend\Sound</Filter>
    </ClCompile>
    <ClCompile Include="src\Extend\Sound\SoundSystem.cpp">
      <Filter>Extend\Sound</Filter>
    </ClCompile>
    <ClCompile Include="src\Common\UICrack.cpp">
      <Filter>Common</Filter>
    </ClCompile>
    <ClCompile Include="src\Common\Utility.cpp">
      <Filter>Common</Filter>
    </ClCompile>
    <ClCompile Include="src\Extend\Menu\UIMenu.cpp">
      <Filter>Extend\Menu</Filter>
    </ClCompile>
    <ClCompile Include="src\Common\AssertX.cpp">
      <Filter>Common</Filter>
    </ClCompile>
    <ClCompile Include="src\Common\Exception.cpp">
      <Filter>Common</Filter>
    </ClCompile>
    <ClCompile Include="src\Core\UITimer.cpp">
      <Filter>Source Files\Core</Filter>
    </ClCompile>
    <ClCompile Include="src\Core\UITrayIcon.cpp">
      <Filter>Source Files\Core</Filter>
    </ClCompile>
    <ClCompile Include="src\Extend\ImgOle\GifImage.cpp">
      <Filter>Extend\ImgOle</Filter>
    </ClCompile>
    <ClCompile Include="src\Utils\FileDialog.cpp">
      <Filter>Source Files\Utils</Filter>
    </ClCompile>
    <ClCompile Include="src\Utils\PathUtil.cpp">
      <Filter>Source Files\Utils</Filter>
    </ClCompile>
    <ClCompile Include="src\Utils\RichEditUtil.cpp">
      <Filter>Source Files\Utils</Filter>
    </ClCompile>
    <ClCompile Include="src\Utils\IDuiWindow.cpp">
      <Filter>Source Files\Utils</Filter>
    </ClCompile>
    <ClCompile Include="src\Utils\Window.cpp">
      <Filter>Source Files\Utils</Filter>
    </ClCompile>
    <ClCompile Include="src\Extend\Log\DuiLogger.cpp">
      <Filter>Extend\Logger</Filter>
    </ClCompile>
    <ClCompile Include="src\Utils\ILock.cpp">
      <Filter>Source Files\Utils</Filter>
    </ClCompile>
    <ClCompile Include="src\Extend\Lock\DuiLock.cpp">
      <Filter>Extend\Lock</Filter>
    </ClCompile>
    <ClCompile Include="src\Utils\IOBase.cpp">
      <Filter>Source Files\Utils</Filter>
    </ClCompile>
    <ClCompile Include="src\Extend\WinIO\WinIO.cpp">
      <Filter>Extend\WinIO</Filter>
    </ClCompile>
    <ClCompile Include="src\Utils\DuiSystem.cpp">
      <Filter>Source Files\Utils</Filter>
    </ClCompile>
    <ClCompile Include="src\Core\UIMemLooker.cpp">
      <Filter>Source Files\Core</Filter>
    </ClCompile>
    <ClCompile Include="src\DuiEngine.cpp">
      <Filter>Source Files</Filter>
    </ClCompile>
    <ClCompile Include="DllMain.cpp">
      <Filter>Source Files</Filter>
    </ClCompile>
    <ClCompile Include="src\UIlib.cpp">
      <Filter>Source Files</Filter>
    </ClCompile>
    <ClCompile Include="src\Utils\UIUserControl.cpp">
      <Filter>Source Files\Utils</Filter>
    </ClCompile>
  </ItemGroup>
  <ItemGroup>
    <ClInclude Include="StdAfx.h">
      <Filter>Header Files</Filter>
    </ClInclude>
    <ClInclude Include="include\Utils\downloadmgr.h">
      <Filter>Header Files\Utils</Filter>
    </ClInclude>
    <ClInclude Include="include\Utils\FlashEventHandler.h">
      <Filter>Header Files\Utils</Filter>
    </ClInclude>
    <ClInclude Include="include\Utils\UIDelegate.h">
      <Filter>Header Files\Utils</Filter>
    </ClInclude>
    <ClInclude Include="include\Utils\Utils.h">
      <Filter>Header Files\Utils</Filter>
    </ClInclude>
    <ClInclude Include="include\Utils\WebBrowserEventHandler.h">
      <Filter>Header Files\Utils</Filter>
    </ClInclude>
    <ClInclude Include="include\Core\UIBase.h">
      <Filter>Header Files\Core</Filter>
    </ClInclude>
    <ClInclude Include="include\Core\UIContainer.h">
      <Filter>Header Files\Core</Filter>
    </ClInclude>
    <ClInclude Include="include\Core\UIControl.h">
      <Filter>Header Files\Core</Filter>
    </ClInclude>
    <ClInclude Include="include\Core\UIDefine.h">
      <Filter>Header Files\Core</Filter>
    </ClInclude>
    <ClInclude Include="include\Core\UIDlgBuilder.h">
      <Filter>Header Files\Core</Filter>
    </ClInclude>
    <ClInclude Include="include\Core\UIManager.h">
      <Filter>Header Files\Core</Filter>
    </ClInclude>
    <ClInclude Include="include\Core\UIMarkup.h">
      <Filter>Header Files\Core</Filter>
    </ClInclude>
    <ClInclude Include="include\Core\UIRender.h">
      <Filter>Header Files\Core</Filter>
    </ClInclude>
    <ClInclude Include="include\Layout\UIChildLayout.h">
      <Filter>Header Files\Layout</Filter>
    </ClInclude>
    <ClInclude Include="include\Layout\UIHorizontalLayout.h">
      <Filter>Header Files\Layout</Filter>
    </ClInclude>
    <ClInclude Include="include\Layout\UITabLayout.h">
      <Filter>Header Files\Layout</Filter>
    </ClInclude>
    <ClInclude Include="include\Layout\UITileLayout.h">
      <Filter>Header Files\Layout</Filter>
    </ClInclude>
    <ClInclude Include="include\Layout\UIVerticalLayout.h">
      <Filter>Header Files\Layout</Filter>
    </ClInclude>
    <ClInclude Include="include\Control\UIActiveX.h">
      <Filter>Header Files\Control</Filter>
    </ClInclude>
    <ClInclude Include="include\Control\UIButton.h">
      <Filter>Header Files\Control</Filter>
    </ClInclude>
    <ClInclude Include="include\Control\UICheckBox.h">
      <Filter>Header Files\Control</Filter>
    </ClInclude>
    <ClInclude Include="include\Control\UICombo.h">
      <Filter>Header Files\Control</Filter>
    </ClInclude>
    <ClInclude Include="include\Control\UIComboBox.h">
      <Filter>Header Files\Control</Filter>
    </ClInclude>
    <ClInclude Include="include\Control\UIDateTime.h">
      <Filter>Header Files\Control</Filter>
    </ClInclude>
    <ClInclude Include="include\Control\UIEdit.h">
      <Filter>Header Files\Control</Filter>
    </ClInclude>
    <ClInclude Include="include\Control\UILabel.h">
      <Filter>Header Files\Control</Filter>
    </ClInclude>
    <ClInclude Include="include\Control\UIList.h">
      <Filter>Header Files\Control</Filter>
    </ClInclude>
    <ClInclude Include="include\Control\UIOption.h">
      <Filter>Header Files\Control</Filter>
    </ClInclude>
    <ClInclude Include="include\Control\UIProgress.h">
      <Filter>Header Files\Control</Filter>
    </ClInclude>
    <ClInclude Include="include\Control\UIRichEdit.h">
      <Filter>Header Files\Control</Filter>
    </ClInclude>
    <ClInclude Include="include\Control\UIScrollBar.h">
      <Filter>Header Files\Control</Filter>
    </ClInclude>
    <ClInclude Include="include\Control\UISlider.h">
      <Filter>Header Files\Control</Filter>
    </ClInclude>
    <ClInclude Include="include\Control\UIText.h">
      <Filter>Header Files\Control</Filter>
    </ClInclude>
    <ClInclude Include="include\Control\UITreeView.h">
      <Filter>Header Files\Control</Filter>
    </ClInclude>
    <ClInclude Include="include\Control\UIWebBrowser.h">
      <Filter>Header Files\Control</Filter>
    </ClInclude>
    <ClInclude Include="include\Control\UIAnimation.h">
      <Filter>Header Files\Control</Filter>
    </ClInclude>
    <ClInclude Include="include\Control\UIFadeAnimation.h">
      <Filter>Header Files\Control</Filter>
    </ClInclude>
    <ClInclude Include="include\Control\UIFadeButton.h">
      <Filter>Header Files\Control</Filter>
    </ClInclude>
    <ClInclude Include="include\Control\UIFadeCheckBox.h">
      <Filter>Header Files\Control</Filter>
    </ClInclude>
    <ClInclude Include="include\Control\UIFadeOption.h">
      <Filter>Header Files\Control</Filter>
    </ClInclude>
    <ClInclude Include="include\Layout\UIAnimationTabLayout.h">
      <Filter>Header Files\Layout</Filter>
    </ClInclude>
    <ClInclude Include="include\Control\UIHotKey.h">
      <Filter>Header Files\Control</Filter>
    </ClInclude>
    <ClInclude Include="include\Control\UIAnimControl.h">
      <Filter>Header Files\Control</Filter>
    </ClInclude>
    <ClInclude Include="include\Control\UISeqAnimation.h">
      <Filter>Header Files\Control</Filter>
    </ClInclude>
    <ClInclude Include="include\Control\UISeqButton.h">
      <Filter>Header Files\Control</Filter>
    </ClInclude>
    <ClInclude Include="include\Control\UIAlbumButton.h">
      <Filter>Header Files\Control</Filter>
    </ClInclude>
    <ClInclude Include="include\Control\UIGifAnim.h">
      <Filter>Header Files\Control</Filter>
    </ClInclude>
    <ClInclude Include="include\Utils\UIReflection.h">
      <Filter>Header Files\Utils</Filter>
    </ClInclude>
    <ClInclude Include="include\Control\UIRadio.h">
      <Filter>Header Files\Control</Filter>
    </ClInclude>
    <ClInclude Include="include\Control\UIAniHelper.h">
      <Filter>Header Files\Control</Filter>
    </ClInclude>
    <ClInclude Include="include\Control\UIFlash.h">
      <Filter>Header Files\Control</Filter>
    </ClInclude>
    <ClInclude Include="include\Extend\WkeWebkit\UIWkeWebkit.h">
      <Filter>Extend\WkeWebkit</Filter>
    </ClInclude>
    <ClInclude Include="include\Extend\WkeWebkit\wke.h">
      <Filter>Extend\WkeWebkit</Filter>
    </ClInclude>
    <ClInclude Include="include\Extend\Sound\SoundEngine.h">
      <Filter>Extend\Sound</Filter>
    </ClInclude>
    <ClInclude Include="include\Extend\Sound\SoundSystem.h">
      <Filter>Extend\Sound</Filter>
    </ClInclude>
    <ClInclude Include="include\Common\observer_impl_base.hpp">
      <Filter>Common</Filter>
    </ClInclude>
    <ClInclude Include="include\Common\UICrack.h">
      <Filter>Common</Filter>
    </ClInclude>
    <ClInclude Include="include\Common\Utility.h">
      <Filter>Common</Filter>
    </ClInclude>
    <ClInclude Include="include\Extend\Menu\UIMenu.h">
      <Filter>Extend\Menu</Filter>
    </ClInclude>
    <ClInclude Include="include\Common\AssertX.h">
      <Filter>Common</Filter>
    </ClInclude>
    <ClInclude Include="include\Common\Exception.h">
      <Filter>Common</Filter>
    </ClInclude>
    <ClInclude Include="include\Core\UITimer.h">
      <Filter>Header Files\Core</Filter>
    </ClInclude>
    <ClInclude Include="include\Core\UITrayIcon.h">
      <Filter>Header Files\Core</Filter>
    </ClInclude>
    <ClInclude Include="resource.h">
      <Filter>Header Files</Filter>
    </ClInclude>
    <ClInclude Include="include\Extend\ImgOle\IImageOle.h">
      <Filter>Extend\ImgOle</Filter>
    </ClInclude>
    <ClInclude Include="include\Extend\ImgOle\GifImage.h">
      <Filter>Extend\ImgOle</Filter>
    </ClInclude>
    <ClInclude Include="include\Utils\FileDialog.h">
      <Filter>Header Files\Utils</Filter>
    </ClInclude>
    <ClInclude Include="include\Utils\PathUtil.h">
      <Filter>Header Files\Utils</Filter>
    </ClInclude>
    <ClInclude Include="include\Utils\RichEditUtil.h">
      <Filter>Header Files\Utils</Filter>
    </ClInclude>
    <ClInclude Include="include\Utils\IDuiWindow.h">
      <Filter>Header Files\Utils</Filter>
    </ClInclude>
    <ClInclude Include="include\Utils\Window.h">
      <Filter>Header Files\Utils</Filter>
    </ClInclude>
    <ClInclude Include="include\Utils\ILogger.h">
      <Filter>Header Files\Utils</Filter>
    </ClInclude>
    <ClInclude Include="include\Utils\IOStream.h">
      <Filter>Header Files\Utils</Filter>
    </ClInclude>
    <ClInclude Include="include\Utils\Singleton.h">
      <Filter>Header Files\Utils</Filter>
    </ClInclude>
    <ClInclude Include="include\Extend\Log\DuiLogger.h">
      <Filter>Extend\Logger</Filter>
    </ClInclude>
    <ClInclude Include="include\Utils\ILock.h">
      <Filter>Header Files\Utils</Filter>
    </ClInclude>
    <ClInclude Include="include\Extend\Lock\DuiLock.h">
      <Filter>Extend\Lock</Filter>
    </ClInclude>
    <ClInclude Include="include\Utils\IOBase.h">
      <Filter>Header Files\Utils</Filter>
    </ClInclude>
    <ClInclude Include="include\Extend\WinIO\WinIO.h">
      <Filter>Extend\WinIO</Filter>
    </ClInclude>
    <ClInclude Include="include\Utils\DuiSystem.h">
      <Filter>Header Files\Utils</Filter>
    </ClInclude>
    <ClInclude Include="include\Core\UIMemLooker.h">
      <Filter>Header Files\Core</Filter>
    </ClInclude>
    <ClInclude Include="include\Utils\SharedPtr.h">
      <Filter>Header Files\Utils</Filter>
    </ClInclude>
    <ClInclude Include="include\CommonInclude.h">
      <Filter>Header Files</Filter>
    </ClInclude>
    <ClInclude Include="include\ControlInclude.h">
      <Filter>Header Files</Filter>
    </ClInclude>
    <ClInclude Include="include\DuiEngine.h">
      <Filter>Header Files</Filter>
    </ClInclude>
    <ClInclude Include="include\DuiType.h">
      <Filter>Header Files</Filter>
    </ClInclude>
    <ClInclude Include="include\ExtendInclude.h">
      <Filter>Header Files</Filter>
    </ClInclude>
    <ClInclude Include="include\IDuiObject.h">
      <Filter>Header Files</Filter>
    </ClInclude>
    <ClInclude Include="include\NetInclude.h">
      <Filter>Header Files</Filter>
    </ClInclude>
    <ClInclude Include="include\UIlib.h">
      <Filter>Header Files</Filter>
    </ClInclude>
    <ClInclude Include="include\Utils\UIUserControl.h">
      <Filter>Header Files\Utils</Filter>
    </ClInclude>
  </ItemGroup>
  <ItemGroup>
    <None Include="ClassDiagram.cd" />
  </ItemGroup>
  <ItemGroup>
    <ResourceCompile Include="DuiLib.rc">
      <Filter>Resource Files</Filter>
    </ResourceCompile>
  </ItemGroup>
</Project>